
Microsoft Visual Studio Solution File, Format Version 12.00
# Visual Studio 14
VisualStudioVersion = 14.0.24720.0
MinimumVisualStudioVersion = 10.0.40219.1
Project("{F184B08F-C81C-45F6-A57F-5ABD9991F28F}") = "写真データ整理ツール", "写真データ整理ツール\写真データ整理ツール.vbproj", "{AF634708-4BC3-407D-8DE9-002996320E7D}"
EndProject
Project("{F184B08F-C81C-45F6-A57F-5ABD9991F28F}") = "EmulateUninstaller", "EmulateUninstaller\EmulateUninstaller.vbproj", "{5D0C8D8A-B3B9-426D-8EE8-4A632F14C5D2}"
EndProject
Project("{F184B08F-C81C-45F6-A57F-5ABD9991F28F}") = "SoftwareManagementSystem", "SoftwareManagementSystem\SoftwareManagementSystem.vbproj", "{0649F70B-DC01-4142-9F93-7A20D94AE506}"
EndProject
Project("{F184B08F-C81C-45F6-A57F-5ABD9991F28F}") = "Sandbox", "Sandbox\Sandbox.vbproj", "{6BE2457A-73FD-4D29-95B4-AB95CC362E35}"
EndProject
Project("{F184B08F-C81C-45F6-A57F-5ABD9991F28F}") = "CommonLibs", "CommonLibs\CommonLibs.vbproj", "{5E83F4AC-EF8B-49A8-B2C8-5723C35ABF74}"
EndProject
Project("{FAE04EC0-301F-11D3-BF4B-00C04F79EFBC}") = "OmronCameraDemo", "OmronCameraDemo\OmronCameraDemo.csproj", "{BF460BCB-107C-47E4-9CAE-0B65AE7CCDA3}"
EndProject
Project("{F184B08F-C81C-45F6-A57F-5ABD9991F28F}") = "オムロンカメラセンサ", "オムロンカメラセンサ\オムロンカメラセンサ.vbproj", "{8BC70CFB-8AE5-40A6-B097-3E6900E824DB}"
EndProject
Project("{FAE04EC0-301F-11D3-BF4B-00C04F79EFBC}") = "OMRON HVC-C2W Component", "OMRON HVC-C2W Component\OMRON HVC-C2W Component.csproj", "{58BBA066-F769-4668-A5C9-5C53C2122B88}"
EndProject
Project("{FAE04EC0-301F-11D3-BF4B-00C04F79EFBC}") = "TypeScriptZone", "TypeScriptZone\TypeScriptZone.csproj", "{03491D8A-E86B-42A5-8324-1DFB8FCB75EA}"
EndProject
Project("{F184B08F-C81C-45F6-A57F-5ABD9991F28F}") = "GIP抽出", "GIP抽出\GIP抽出.vbproj", "{15BBC506-86F9-44EE-B2A1-BC38137C97CF}"
EndProject
Project("{2150E333-8FDC-42A3-9474-1A3956D46DE8}") = "社内関係", "社内関係", "{49DCA02F-020E-424F-8AD6-296115E1A349}"
EndProject
Project("{2150E333-8FDC-42A3-9474-1A3956D46DE8}") = "OmronCamera", "OmronCamera", "{E2DA6755-A2C9-4383-8927-6E0D7B597B03}"
EndProject
Global
	GlobalSection(SolutionConfigurationPlatforms) = preSolution
		Debug|Any CPU = Debug|Any CPU
		Debug|x64 = Debug|x64
		Debug|x86 = Debug|x86
		Release|Any CPU = Release|Any CPU
		Release|x64 = Release|x64
		Release|x86 = Release|x86
	EndGlobalSection
	GlobalSection(ProjectConfigurationPlatforms) = postSolution
		{AF634708-4BC3-407D-8DE9-002996320E7D}.Debug|Any CPU.ActiveCfg = Debug|Any CPU
		{AF634708-4BC3-407D-8DE9-002996320E7D}.Debug|Any CPU.Build.0 = Debug|Any CPU
		{AF634708-4BC3-407D-8DE9-002996320E7D}.Debug|x64.ActiveCfg = Debug|Any CPU
		{AF634708-4BC3-407D-8DE9-002996320E7D}.Debug|x64.Build.0 = Debug|Any CPU
		{AF634708-4BC3-407D-8DE9-002996320E7D}.Debug|x86.ActiveCfg = Debug|x86
		{AF634708-4BC3-407D-8DE9-002996320E7D}.Debug|x86.Build.0 = Debug|x86
		{AF634708-4BC3-407D-8DE9-002996320E7D}.Release|Any CPU.ActiveCfg = Release|Any CPU
		{AF634708-4BC3-407D-8DE9-002996320E7D}.Release|Any CPU.Build.0 = Release|Any CPU
		{AF634708-4BC3-407D-8DE9-002996320E7D}.Release|x64.ActiveCfg = Release|x64
		{AF634708-4BC3-407D-8DE9-002996320E7D}.Release|x64.Build.0 = Release|x64
		{AF634708-4BC3-407D-8DE9-002996320E7D}.Release|x86.ActiveCfg = Release|x86
		{AF634708-4BC3-407D-8DE9-002996320E7D}.Release|x86.Build.0 = Release|x86
		{5D0C8D8A-B3B9-426D-8EE8-4A632F14C5D2}.Debug|Any CPU.ActiveCfg = Debug|Any CPU
		{5D0C8D8A-B3B9-426D-8EE8-4A632F14C5D2}.Debug|Any CPU.Build.0 = Debug|Any CPU
		{5D0C8D8A-B3B9-426D-8EE8-4A632F14C5D2}.Debug|x64.ActiveCfg = Debug|Any CPU
		{5D0C8D8A-B3B9-426D-8EE8-4A632F14C5D2}.Debug|x64.Build.0 = Debug|Any CPU
		{5D0C8D8A-B3B9-426D-8EE8-4A632F14C5D2}.Debug|x86.ActiveCfg = Debug|Any CPU
		{5D0C8D8A-B3B9-426D-8EE8-4A632F14C5D2}.Debug|x86.Build.0 = Debug|Any CPU
		{5D0C8D8A-B3B9-426D-8EE8-4A632F14C5D2}.Release|Any CPU.ActiveCfg = Release|Any CPU
		{5D0C8D8A-B3B9-426D-8EE8-4A632F14C5D2}.Release|Any CPU.Build.0 = Release|Any CPU
		{5D0C8D8A-B3B9-426D-8EE8-4A632F14C5D2}.Release|x64.ActiveCfg = Release|Any CPU
		{5D0C8D8A-B3B9-426D-8EE8-4A632F14C5D2}.Release|x64.Build.0 = Release|Any CPU
		{5D0C8D8A-B3B9-426D-8EE8-4A632F14C5D2}.Release|x86.ActiveCfg = Release|Any CPU
		{5D0C8D8A-B3B9-426D-8EE8-4A632F14C5D2}.Release|x86.Build.0 = Release|Any CPU
		{0649F70B-DC01-4142-9F93-7A20D94AE506}.Debug|Any CPU.ActiveCfg = Debug|Any CPU
		{0649F70B-DC01-4142-9F93-7A20D94AE506}.Debug|Any CPU.Build.0 = Debug|Any CPU
		{0649F70B-DC01-4142-9F93-7A20D94AE506}.Debug|x64.ActiveCfg = Debug|Any CPU
		{0649F70B-DC01-4142-9F93-7A20D94AE506}.Debug|x64.Build.0 = Debug|Any CPU
		{0649F70B-DC01-4142-9F93-7A20D94AE506}.Debug|x86.ActiveCfg = Debug|Any CPU
		{0649F70B-DC01-4142-9F93-7A20D94AE506}.Debug|x86.Build.0 = Debug|Any CPU
		{0649F70B-DC01-4142-9F93-7A20D94AE506}.Release|Any CPU.ActiveCfg = Release|Any CPU
		{0649F70B-DC01-4142-9F93-7A20D94AE506}.Release|Any CPU.Build.0 = Release|Any CPU
		{0649F70B-DC01-4142-9F93-7A20D94AE506}.Release|x64.ActiveCfg = Release|Any CPU
		{0649F70B-DC01-4142-9F93-7A20D94AE506}.Release|x64.Build.0 = Release|Any CPU
		{0649F70B-DC01-4142-9F93-7A20D94AE506}.Release|x86.ActiveCfg = Release|Any CPU
		{0649F70B-DC01-4142-9F93-7A20D94AE506}.Release|x86.Build.0 = Release|Any CPU
		{6BE2457A-73FD-4D29-95B4-AB95CC362E35}.Debug|Any CPU.ActiveCfg = Debug|Any CPU
		{6BE2457A-73FD-4D29-95B4-AB95CC362E35}.Debug|Any CPU.Build.0 = Debug|Any CPU
		{6BE2457A-73FD-4D29-95B4-AB95CC362E35}.Debug|x64.ActiveCfg = Debug|Any CPU
		{6BE2457A-73FD-4D29-95B4-AB95CC362E35}.Debug|x64.Build.0 = Debug|Any CPU
		{6BE2457A-73FD-4D29-95B4-AB95CC362E35}.Debug|x86.ActiveCfg = Debug|Any CPU
		{6BE2457A-73FD-4D29-95B4-AB95CC362E35}.Debug|x86.Build.0 = Debug|Any CPU
		{6BE2457A-73FD-4D29-95B4-AB95CC362E35}.Release|Any CPU.ActiveCfg = Release|Any CPU
		{6BE2457A-73FD-4D29-95B4-AB95CC362E35}.Release|Any CPU.Build.0 = Release|Any CPU
		{6BE2457A-73FD-4D29-95B4-AB95CC362E35}.Release|x64.ActiveCfg = Release|Any CPU
		{6BE2457A-73FD-4D29-95B4-AB95CC362E35}.Release|x64.Build.0 = Release|Any CPU
		{6BE2457A-73FD-4D29-95B4-AB95CC362E35}.Release|x86.ActiveCfg = Release|Any CPU
		{6BE2457A-73FD-4D29-95B4-AB95CC362E35}.Release|x86.Build.0 = Release|Any CPU
		{5E83F4AC-EF8B-49A8-B2C8-5723C35ABF74}.Debug|Any CPU.ActiveCfg = Debug|Any CPU
		{5E83F4AC-EF8B-49A8-B2C8-5723C35ABF74}.Debug|Any CPU.Build.0 = Debug|Any CPU
		{5E83F4AC-EF8B-49A8-B2C8-5723C35ABF74}.Debug|x64.ActiveCfg = Debug|Any CPU
		{5E83F4AC-EF8B-49A8-B2C8-5723C35ABF74}.Debug|x64.Build.0 = Debug|Any CPU
		{5E83F4AC-EF8B-49A8-B2C8-5723C35ABF74}.Debug|x86.ActiveCfg = Debug|Any CPU
		{5E83F4AC-EF8B-49A8-B2C8-5723C35ABF74}.Debug|x86.Build.0 = Debug|Any CPU
		{5E83F4AC-EF8B-49A8-B2C8-5723C35ABF74}.Release|Any CPU.ActiveCfg = Release|Any CPU
		{5E83F4AC-EF8B-49A8-B2C8-5723C35ABF74}.Release|Any CPU.Build.0 = Release|Any CPU
		{5E83F4AC-EF8B-49A8-B2C8-5723C35ABF74}.Release|x64.ActiveCfg = Release|Any CPU
		{5E83F4AC-EF8B-49A8-B2C8-5723C35ABF74}.Release|x64.Build.0 = Release|Any CPU
		{5E83F4AC-EF8B-49A8-B2C8-5723C35ABF74}.Release|x86.ActiveCfg = Release|Any CPU
		{5E83F4AC-EF8B-49A8-B2C8-5723C35ABF74}.Release|x86.Build.0 = Release|Any CPU
		{BF460BCB-107C-47E4-9CAE-0B65AE7CCDA3}.Debug|Any CPU.ActiveCfg = Debug|x86
		{BF460BCB-107C-47E4-9CAE-0B65AE7CCDA3}.Debug|x64.ActiveCfg = Debug|x86
		{BF460BCB-107C-47E4-9CAE-0B65AE7CCDA3}.Debug|x86.ActiveCfg = Debug|x86
		{BF460BCB-107C-47E4-9CAE-0B65AE7CCDA3}.Debug|x86.Build.0 = Debug|x86
		{BF460BCB-107C-47E4-9CAE-0B65AE7CCDA3}.Release|Any CPU.ActiveCfg = Release|x86
		{BF460BCB-107C-47E4-9CAE-0B65AE7CCDA3}.Release|x64.ActiveCfg = Release|x86
		{BF460BCB-107C-47E4-9CAE-0B65AE7CCDA3}.Release|x86.ActiveCfg = Release|x86
		{BF460BCB-107C-47E4-9CAE-0B65AE7CCDA3}.Release|x86.Build.0 = Release|x86
		{8BC70CFB-8AE5-40A6-B097-3E6900E824DB}.Debug|Any CPU.ActiveCfg = Debug|Any CPU
		{8BC70CFB-8AE5-40A6-B097-3E6900E824DB}.Debug|Any CPU.Build.0 = Debug|Any CPU
		{8BC70CFB-8AE5-40A6-B097-3E6900E824DB}.Debug|x64.ActiveCfg = Debug|Any CPU
		{8BC70CFB-8AE5-40A6-B097-3E6900E824DB}.Debug|x64.Build.0 = Debug|Any CPU
		{8BC70CFB-8AE5-40A6-B097-3E6900E824DB}.Debug|x86.ActiveCfg = Debug|Any CPU
		{8BC70CFB-8AE5-40A6-B097-3E6900E824DB}.Debug|x86.Build.0 = Debug|Any CPU
		{8BC70CFB-8AE5-40A6-B097-3E6900E824DB}.Release|Any CPU.ActiveCfg = Release|Any CPU
		{8BC70CFB-8AE5-40A6-B097-3E6900E824DB}.Release|Any CPU.Build.0 = Release|Any CPU
		{8BC70CFB-8AE5-40A6-B097-3E6900E824DB}.Release|x64.ActiveCfg = Release|Any CPU
		{8BC70CFB-8AE5-40A6-B097-3E6900E824DB}.Release|x64.Build.0 = Release|Any CPU
		{8BC70CFB-8AE5-40A6-B097-3E6900E824DB}.Release|x86.ActiveCfg = Release|Any CPU
		{8BC70CFB-8AE5-40A6-B097-3E6900E824DB}.Release|x86.Build.0 = Release|Any CPU
		{58BBA066-F769-4668-A5C9-5C53C2122B88}.Debug|Any CPU.ActiveCfg = Debug|Any CPU
		{58BBA066-F769-4668-A5C9-5C53C2122B88}.Debug|Any CPU.Build.0 = Debug|Any CPU
		{58BBA066-F769-4668-A5C9-5C53C2122B88}.Debug|x64.ActiveCfg = Debug|Any CPU
		{58BBA066-F769-4668-A5C9-5C53C2122B88}.Debug|x64.Build.0 = Debug|Any CPU
		{58BBA066-F769-4668-A5C9-5C53C2122B88}.Debug|x86.ActiveCfg = Debug|Any CPU
		{58BBA066-F769-4668-A5C9-5C53C2122B88}.Debug|x86.Build.0 = Debug|Any CPU
		{58BBA066-F769-4668-A5C9-5C53C2122B88}.Release|Any CPU.ActiveCfg = Release|Any CPU
		{58BBA066-F769-4668-A5C9-5C53C2122B88}.Release|Any CPU.Build.0 = Release|Any CPU
		{58BBA066-F769-4668-A5C9-5C53C2122B88}.Release|x64.ActiveCfg = Release|Any CPU
		{58BBA066-F769-4668-A5C9-5C53C2122B88}.Release|x64.Build.0 = Release|Any CPU
		{58BBA066-F769-4668-A5C9-5C53C2122B88}.Release|x86.ActiveCfg = Release|Any CPU
		{58BBA066-F769-4668-A5C9-5C53C2122B88}.Release|x86.Build.0 = Release|Any CPU
		{03491D8A-E86B-42A5-8324-1DFB8FCB75EA}.Debug|Any CPU.ActiveCfg = Debug|Any CPU
		{03491D8A-E86B-42A5-8324-1DFB8FCB75EA}.Debug|Any CPU.Build.0 = Debug|Any CPU
		{03491D8A-E86B-42A5-8324-1DFB8FCB75EA}.Debug|x64.ActiveCfg = Debug|Any CPU
		{03491D8A-E86B-42A5-8324-1DFB8FCB75EA}.Debug|x64.Build.0 = Debug|Any CPU
		{03491D8A-E86B-42A5-8324-1DFB8FCB75EA}.Debug|x86.ActiveCfg = Debug|Any CPU
		{03491D8A-E86B-42A5-8324-1DFB8FCB75EA}.Debug|x86.Build.0 = Debug|Any CPU
		{03491D8A-E86B-42A5-8324-1DFB8FCB75EA}.Release|Any CPU.ActiveCfg = Release|Any CPU
		{03491D8A-E86B-42A5-8324-1DFB8FCB75EA}.Release|Any CPU.Build.0 = Release|Any CPU
		{03491D8A-E86B-42A5-8324-1DFB8FCB75EA}.Release|x64.ActiveCfg = Release|Any CPU
		{03491D8A-E86B-42A5-8324-1DFB8FCB75EA}.Release|x64.Build.0 = Release|Any CPU
		{03491D8A-E86B-42A5-8324-1DFB8FCB75EA}.Release|x86.ActiveCfg = Release|Any CPU
		{03491D8A-E86B-42A5-8324-1DFB8FCB75EA}.Release|x86.Build.0 = Release|Any CPU
		{15BBC506-86F9-44EE-B2A1-BC38137C97CF}.Debug|Any CPU.ActiveCfg = Debug|Any CPU
		{15BBC506-86F9-44EE-B2A1-BC38137C97CF}.Debug|Any CPU.Build.0 = Debug|Any CPU
		{15BBC506-86F9-44EE-B2A1-BC38137C97CF}.Debug|x64.ActiveCfg = Debug|Any CPU
		{15BBC506-86F9-44EE-B2A1-BC38137C97CF}.Debug|x64.Build.0 = Debug|Any CPU
		{15BBC506-86F9-44EE-B2A1-BC38137C97CF}.Debug|x86.ActiveCfg = Debug|Any CPU
		{15BBC506-86F9-44EE-B2A1-BC38137C97CF}.Debug|x86.Build.0 = Debug|Any CPU
		{15BBC506-86F9-44EE-B2A1-BC38137C97CF}.Release|Any CPU.ActiveCfg = Release|Any CPU
		{15BBC506-86F9-44EE-B2A1-BC38137C97CF}.Release|Any CPU.Build.0 = Release|Any CPU
		{15BBC506-86F9-44EE-B2A1-BC38137C97CF}.Release|x64.ActiveCfg = Release|Any CPU
		{15BBC506-86F9-44EE-B2A1-BC38137C97CF}.Release|x64.Build.0 = Release|Any CPU
		{15BBC506-86F9-44EE-B2A1-BC38137C97CF}.Release|x86.ActiveCfg = Release|Any CPU
		{15BBC506-86F9-44EE-B2A1-BC38137C97CF}.Release|x86.Build.0 = Release|Any CPU
	EndGlobalSection
	GlobalSection(SolutionProperties) = preSolution
		HideSolutionNode = FALSE
	EndGlobalSection
	GlobalSection(NestedProjects) = preSolution
		{AF634708-4BC3-407D-8DE9-002996320E7D} = {49DCA02F-020E-424F-8AD6-296115E1A349}
		{5D0C8D8A-B3B9-426D-8EE8-4A632F14C5D2} = {49DCA02F-020E-424F-8AD6-296115E1A349}
		{0649F70B-DC01-4142-9F93-7A20D94AE506} = {49DCA02F-020E-424F-8AD6-296115E1A349}
		{BF460BCB-107C-47E4-9CAE-0B65AE7CCDA3} = {E2DA6755-A2C9-4383-8927-6E0D7B597B03}
		{8BC70CFB-8AE5-40A6-B097-3E6900E824DB} = {E2DA6755-A2C9-4383-8927-6E0D7B597B03}
		{58BBA066-F769-4668-A5C9-5C53C2122B88} = {E2DA6755-A2C9-4383-8927-6E0D7B597B03}
		{15BBC506-86F9-44EE-B2A1-BC38137C97CF} = {49DCA02F-020E-424F-8AD6-296115E1A349}
	EndGlobalSection
EndGlobal
