
Microsoft Visual Studio Solution File, Format Version 12.00
# Visual Studio 14
VisualStudioVersion = 14.0.24720.0
MinimumVisualStudioVersion = 10.0.40219.1
Project("{F184B08F-C81C-45F6-A57F-5ABD9991F28F}") = "写真データ整理ツール", "写真データ整理ツール\写真データ整理ツール.vbproj", "{AF634708-4BC3-407D-8DE9-002996320E7D}"
EndProject
Project("{F184B08F-C81C-45F6-A57F-5ABD9991F28F}") = "EmulateUninstaller", "EmulateUninstaller\EmulateUninstaller.vbproj", "{5D0C8D8A-B3B9-426D-8EE8-4A632F14C5D2}"
EndProject
Project("{F184B08F-C81C-45F6-A57F-5ABD9991F28F}") = "SoftwareManagementSystem", "SoftwareManagementSystem\SoftwareManagementSystem.vbproj", "{0649F70B-DC01-4142-9F93-7A20D94AE506}"
EndProject
Project("{F184B08F-C81C-45F6-A57F-5ABD9991F28F}") = "Sandbox", "Sandbox\Sandbox.vbproj", "{6BE2457A-73FD-4D29-95B4-AB95CC362E35}"
EndProject
Project("{F184B08F-C81C-45F6-A57F-5ABD9991F28F}") = "CommonLibs", "CommonLibs\CommonLibs.vbproj", "{5E83F4AC-EF8B-49A8-B2C8-5723C35ABF74}"
EndProject
Project("{FAE04EC0-301F-11D3-BF4B-00C04F79EFBC}") = "OmronCameraDemo", "OmronCameraDemo\OmronCameraDemo.csproj", "{BF460BCB-107C-47E4-9CAE-0B65AE7CCDA3}"
EndProject
Project("{F184B08F-C81C-45F6-A57F-5ABD9991F28F}") = "オムロンカメラセンサ", "オムロンカメラセンサ\オムロンカメラセンサ.vbproj", "{8BC70CFB-8AE5-40A6-B097-3E6900E824DB}"
EndProject
Project("{FAE04EC0-301F-11D3-BF4B-00C04F79EFBC}") = "OMRON HVC-C2W Component", "OMRON HVC-C2W Component\OMRON HVC-C2W Component.csproj", "{58BBA066-F769-4668-A5C9-5C53C2122B88}"
EndProject
Global
	GlobalSection(SolutionConfigurationPlatforms) = preSolution
		Debug|Any CPU = Debug|Any CPU
		Debug|x64 = Debug|x64
		Debug|x86 = Debug|x86
		Release|Any CPU = Release|Any CPU
		Release|x64 = Release|x64
		Release|x86 = Release|x86
	EndGlobalSection
	GlobalSection(ProjectConfigurationPlatforms) = postSolution
		{AF634708-4BC3-407D-8DE9-002996320E7D}.Debug|Any CPU.ActiveCfg = Debug|Any CPU
		{AF634708-4BC3-407D-8DE9-002996320E7D}.Debug|Any CPU.Build.0 = Debug|Any CPU
		{AF634708-4BC3-407D-8DE9-002996320E7D}.Debug|x64.ActiveCfg = Debug|Any CPU
		{AF634708-4BC3-407D-8DE9-002996320E7D}.Debug|x64.Build.0 = Debug|Any CPU
		{AF634708-4BC3-407D-8DE9-002996320E7D}.Debug|x86.ActiveCfg = Debug|x86
		{AF634708-4BC3-407D-8DE9-002996320E7D}.Debug|x86.Build.0 = Debug|x86
		{AF634708-4BC3-407D-8DE9-002996320E7D}.Release|Any CPU.ActiveCfg = Release|Any CPU
		{AF634708-4BC3-407D-8DE9-002996320E7D}.Release|Any CPU.Build.0 = Release|Any CPU
		{AF634708-4BC3-407D-8DE9-002996320E7D}.Release|x64.ActiveCfg = Release|x64
		{AF634708-4BC3-407D-8DE9-002996320E7D}.Release|x64.Build.0 = Release|x64
		{AF634708-4BC3-407D-8DE9-002996320E7D}.Release|x86.ActiveCfg = Release|x86
		{AF634708-4BC3-407D-8DE9-002996320E7D}.Release|x86.Build.0 = Release|x86
		{5D0C8D8A-B3B9-426D-8EE8-4A632F14C5D2}.Debug|Any CPU.ActiveCfg = Debug|Any CPU
		{5D0C8D8A-B3B9-426D-8EE8-4A632F14C5D2}.Debug|Any CPU.Build.0 = Debug|Any CPU
		{5D0C8D8A-B3B9-426D-8EE8-4A632F14C5D2}.Debug|x64.ActiveCfg = Debug|Any CPU
		{5D0C8D8A-B3B9-426D-8EE8-4A632F14C5D2}.Debug|x64.Build.0 = Debug|Any CPU
		{5D0C8D8A-B3B9-426D-8EE8-4A632F14C5D2}.Debug|x86.ActiveCfg = Debug|Any CPU
		{5D0C8D8A-B3B9-426D-8EE8-4A632F14C5D2}.Debug|x86.Build.0 = Debug|Any CPU
		{5D0C8D8A-B3B9-426D-8EE8-4A632F14C5D2}.Release|Any CPU.ActiveCfg = Release|Any CPU
		{5D0C8D8A-B3B9-426D-8EE8-4A632F14C5D2}.Release|Any CPU.Build.0 = Release|Any CPU
		{5D0C8D8A-B3B9-426D-8EE8-4A632F14C5D2}.Release|x64.ActiveCfg = Release|Any CPU
		{5D0C8D8A-B3B9-426D-8EE8-4A632F14C5D2}.Release|x64.Build.0 = Release|Any CPU
		{5D0C8D8A-B3B9-426D-8EE8-4A632F14C5D2}.Release|x86.ActiveCfg = Release|Any CPU
		{5D0C8D8A-B3B9-426D-8EE8-4A632F14C5D2}.Release|x86.Build.0 = Release|Any CPU
		{0649F70B-DC01-4142-9F93-7A20D94AE506}.Debug|Any CPU.ActiveCfg = Debug|Any CPU
		{0649F70B-DC01-4142-9F93-7A20D94AE506}.Debug|Any CPU.Build.0 = Debug|Any CPU
		{0649F70B-DC01-4142-9F93-7A20D94AE506}.Debug|x64.ActiveCfg = Debug|Any CPU
		{0649F70B-DC01-4142-9F93-7A20D94AE506}.Debug|x64.Build.0 = Debug|Any CPU
		{0649F70B-DC01-4142-9F93-7A20D94AE506}.Debug|x86.ActiveCfg = Debug|Any CPU
		{0649F70B-DC01-4142-9F93-7A20D94AE506}.Debug|x86.Build.0 = Debug|Any CPU
		{0649F70B-DC01-4142-9F93-7A20D94AE506}.Release|Any CPU.ActiveCfg = Release|Any CPU
		{0649F70B-DC01-4142-9F93-7A20D94AE506}.Release|Any CPU.Build.0 = Release|Any CPU
		{0649F70B-DC01-4142-9F93-7A20D94AE506}.Release|x64.ActiveCfg = Release|Any CPU
		{0649F70B-DC01-4142-9F93-7A20D94AE506}.Release|x64.Build.0 = Release|Any CPU
		{0649F70B-DC01-4142-9F93-7A20D94AE506}.Release|x86.ActiveCfg = Release|Any CPU
		{0649F70B-DC01-4142-9F93-7A20D94AE506}.Release|x86.Build.0 = Release|Any CPU
		{6BE2457A-73FD-4D29-95B4-AB95CC362E35}.Debug|Any CPU.ActiveCfg = Debug|Any CPU
		{6BE2457A-73FD-4D29-95B4-AB95CC362E35}.Debug|Any CPU.Build.0 = Debug|Any CPU
		{6BE2457A-73FD-4D29-95B4-AB95CC362E35}.Debug|x64.ActiveCfg = Debug|Any CPU
		{6BE2457A-73FD-4D29-95B4-AB95CC362E35}.Debug|x64.Build.0 = Debug|Any CPU
		{6BE2457A-73FD-4D29-95B4-AB95CC362E35}.Debug|x86.ActiveCfg = Debug|Any CPU
		{6BE2457A-73FD-4D29-95B4-AB95CC362E35}.Debug|x86.Build.0 = Debug|Any CPU
		{6BE2457A-73FD-4D29-95B4-AB95CC362E35}.Release|Any CPU.ActiveCfg = Release|Any CPU
		{6BE2457A-73FD-4D29-95B4-AB95CC362E35}.Release|Any CPU.Build.0 = Release|Any CPU
		{6BE2457A-73FD-4D29-95B4-AB95CC362E35}.Release|x64.ActiveCfg = Release|Any CPU
		{6BE2457A-73FD-4D29-95B4-AB95CC362E35}.Release|x64.Build.0 = Release|Any CPU
		{6BE2457A-73FD-4D29-95B4-AB95CC362E35}.Release|x86.ActiveCfg = Release|Any CPU
		{6BE2457A-73FD-4D29-95B4-AB95CC362E35}.Release|x86.Build.0 = Release|Any CPU
		{5E83F4AC-EF8B-49A8-B2C8-5723C35ABF74}.Debug|Any CPU.ActiveCfg = Debug|Any CPU
		{5E83F4AC-EF8B-49A8-B2C8-5723C35ABF74}.Debug|Any CPU.Build.0 = Debug|Any CPU
		{5E83F4AC-EF8B-49A8-B2C8-5723C35ABF74}.Debug|x64.ActiveCfg = Debug|Any CPU
		{5E83F4AC-EF8B-49A8-B2C8-5723C35ABF74}.Debug|x64.Build.0 = Debug|Any CPU
		{5E83F4AC-EF8B-49A8-B2C8-5723C35ABF74}.Debug|x86.ActiveCfg = Debug|Any CPU
		{5E83F4AC-EF8B-49A8-B2C8-5723C35ABF74}.Debug|x86.Build.0 = Debug|Any CPU
		{5E83F4AC-EF8B-49A8-B2C8-5723C35ABF74}.Release|Any CPU.ActiveCfg = Release|Any CPU
		{5E83F4AC-EF8B-49A8-B2C8-5723C35ABF74}.Release|Any CPU.Build.0 = Release|Any CPU
		{5E83F4AC-EF8B-49A8-B2C8-5723C35ABF74}.Release|x64.ActiveCfg = Release|Any CPU
		{5E83F4AC-EF8B-49A8-B2C8-5723C35ABF74}.Release|x64.Build.0 = Release|Any CPU
		{5E83F4AC-EF8B-49A8-B2C8-5723C35ABF74}.Release|x86.ActiveCfg = Release|Any CPU
		{5E83F4AC-EF8B-49A8-B2C8-5723C35ABF74}.Release|x86.Build.0 = Release|Any CPU
		{BF460BCB-107C-47E4-9CAE-0B65AE7CCDA3}.Debug|Any CPU.ActiveCfg = Debug|x86
		{BF460BCB-107C-47E4-9CAE-0B65AE7CCDA3}.Debug|x64.ActiveCfg = Debug|x86
		{BF460BCB-107C-47E4-9CAE-0B65AE7CCDA3}.Debug|x86.ActiveCfg = Debug|x86
		{BF460BCB-107C-47E4-9CAE-0B65AE7CCDA3}.Debug|x86.Build.0 = Debug|x86
		{BF460BCB-107C-47E4-9CAE-0B65AE7CCDA3}.Release|Any CPU.ActiveCfg = Release|x86
		{BF460BCB-107C-47E4-9CAE-0B65AE7CCDA3}.Release|x64.ActiveCfg = Release|x86
		{BF460BCB-107C-47E4-9CAE-0B65AE7CCDA3}.Release|x86.ActiveCfg = Release|x86
		{BF460BCB-107C-47E4-9CAE-0B65AE7CCDA3}.Release|x86.Build.0 = Release|x86
		{8BC70CFB-8AE5-40A6-B097-3E6900E824DB}.Debug|Any CPU.ActiveCfg = Debug|Any CPU
		{8BC70CFB-8AE5-40A6-B097-3E6900E824DB}.Debug|Any CPU.Build.0 = Debug|Any CPU
		{8BC70CFB-8AE5-40A6-B097-3E6900E824DB}.Debug|x64.ActiveCfg = Debug|Any CPU
		{8BC70CFB-8AE5-40A6-B097-3E6900E824DB}.Debug|x64.Build.0 = Debug|Any CPU
		{8BC70CFB-8AE5-40A6-B097-3E6900E824DB}.Debug|x86.ActiveCfg = Debug|Any CPU
		{8BC70CFB-8AE5-40A6-B097-3E6900E824DB}.Debug|x86.Build.0 = Debug|Any CPU
		{8BC70CFB-8AE5-40A6-B097-3E6900E824DB}.Release|Any CPU.ActiveCfg = Release|Any CPU
		{8BC70CFB-8AE5-40A6-B097-3E6900E824DB}.Release|Any CPU.Build.0 = Release|Any CPU
		{8BC70CFB-8AE5-40A6-B097-3E6900E824DB}.Release|x64.ActiveCfg = Release|Any CPU
		{8BC70CFB-8AE5-40A6-B097-3E6900E824DB}.Release|x64.Build.0 = Release|Any CPU
		{8BC70CFB-8AE5-40A6-B097-3E6900E824DB}.Release|x86.ActiveCfg = Release|Any CPU
		{8BC70CFB-8AE5-40A6-B097-3E6900E824DB}.Release|x86.Build.0 = Release|Any CPU
		{58BBA066-F769-4668-A5C9-5C53C2122B88}.Debug|Any CPU.ActiveCfg = Debug|Any CPU
		{58BBA066-F769-4668-A5C9-5C53C2122B88}.Debug|Any CPU.Build.0 = Debug|Any CPU
		{58BBA066-F769-4668-A5C9-5C53C2122B88}.Debug|x64.ActiveCfg = Debug|Any CPU
		{58BBA066-F769-4668-A5C9-5C53C2122B88}.Debug|x64.Build.0 = Debug|Any CPU
		{58BBA066-F769-4668-A5C9-5C53C2122B88}.Debug|x86.ActiveCfg = Debug|Any CPU
		{58BBA066-F769-4668-A5C9-5C53C2122B88}.Debug|x86.Build.0 = Debug|Any CPU
		{58BBA066-F769-4668-A5C9-5C53C2122B88}.Release|Any CPU.ActiveCfg = Release|Any CPU
		{58BBA066-F769-4668-A5C9-5C53C2122B88}.Release|Any CPU.Build.0 = Release|Any CPU
		{58BBA066-F769-4668-A5C9-5C53C2122B88}.Release|x64.ActiveCfg = Release|Any CPU
		{58BBA066-F769-4668-A5C9-5C53C2122B88}.Release|x64.Build.0 = Release|Any CPU
		{58BBA066-F769-4668-A5C9-5C53C2122B88}.Release|x86.ActiveCfg = Release|Any CPU
		{58BBA066-F769-4668-A5C9-5C53C2122B88}.Release|x86.Build.0 = Release|Any CPU
	EndGlobalSection
	GlobalSection(SolutionProperties) = preSolution
		HideSolutionNode = FALSE
	EndGlobalSection
EndGlobal
